// !$*UTF8*$!
{
	archiveVersion = 1;
	classes = {
	};
	objectVersion = 46;
	objects = {

/* Begin PBXBuildFile section */
		29DD130FE9584451200469D6 /* libPods-ConquerKancolleEvent.a in Frameworks */ = {isa = PBXBuildFile; fileRef = 71ADFACFFD1766A082A94B0C /* libPods-ConquerKancolleEvent.a */; };
		484BA1341F4532FC00C70AA3 /* main.m in Sources */ = {isa = PBXBuildFile; fileRef = 484BA1331F4532FC00C70AA3 /* main.m */; };
		484BA1371F4532FC00C70AA3 /* AppDelegate.m in Sources */ = {isa = PBXBuildFile; fileRef = 484BA1361F4532FC00C70AA3 /* AppDelegate.m */; };
		484BA13D1F4532FC00C70AA3 /* Main.storyboard in Resources */ = {isa = PBXBuildFile; fileRef = 484BA13B1F4532FC00C70AA3 /* Main.storyboard */; };
		484BA13F1F4532FC00C70AA3 /* Assets.xcassets in Resources */ = {isa = PBXBuildFile; fileRef = 484BA13E1F4532FC00C70AA3 /* Assets.xcassets */; };
		484BA1421F4532FC00C70AA3 /* LaunchScreen.storyboard in Resources */ = {isa = PBXBuildFile; fileRef = 484BA1401F4532FC00C70AA3 /* LaunchScreen.storyboard */; };
		484BA14A1F45350F00C70AA3 /* GoogleService-Info.plist in Resources */ = {isa = PBXBuildFile; fileRef = 484BA1491F45350F00C70AA3 /* GoogleService-Info.plist */; };
		484BA14D1F4538EA00C70AA3 /* SignInViewController.m in Sources */ = {isa = PBXBuildFile; fileRef = 484BA14C1F4538EA00C70AA3 /* SignInViewController.m */; };
		484BA1501F453B1000C70AA3 /* MainViewController.m in Sources */ = {isa = PBXBuildFile; fileRef = 484BA14F1F453B1000C70AA3 /* MainViewController.m */; };
/* End PBXBuildFile section */

/* Begin PBXFileReference section */
		484BA12F1F4532FC00C70AA3 /* ConquerKancolleEvent.app */ = {isa = PBXFileReference; explicitFileType = wrapper.application; includeInIndex = 0; path = ConquerKancolleEvent.app; sourceTree = BUILT_PRODUCTS_DIR; };
		484BA1331F4532FC00C70AA3 /* main.m */ = {isa = PBXFileReference; lastKnownFileType = sourcecode.c.objc; path = main.m; sourceTree = "<group>"; };
		484BA1351F4532FC00C70AA3 /* AppDelegate.h */ = {isa = PBXFileReference; lastKnownFileType = sourcecode.c.h; path = AppDelegate.h; sourceTree = "<group>"; };
		484BA1361F4532FC00C70AA3 /* AppDelegate.m */ = {isa = PBXFileReference; lastKnownFileType = sourcecode.c.objc; path = AppDelegate.m; sourceTree = "<group>"; };
		484BA13C1F4532FC00C70AA3 /* Base */ = {isa = PBXFileReference; lastKnownFileType = file.storyboard; name = Base; path = Base.lproj/Main.storyboard; sourceTree = "<group>"; };
		484BA13E1F4532FC00C70AA3 /* Assets.xcassets */ = {isa = PBXFileReference; lastKnownFileType = folder.assetcatalog; path = Assets.xcassets; sourceTree = "<group>"; };
		484BA1411F4532FC00C70AA3 /* Base */ = {isa = PBXFileReference; lastKnownFileType = file.storyboard; name = Base; path = Base.lproj/LaunchScreen.storyboard; sourceTree = "<group>"; };
		484BA1431F4532FC00C70AA3 /* Info.plist */ = {isa = PBXFileReference; lastKnownFileType = text.plist.xml; path = Info.plist; sourceTree = "<group>"; };
		484BA1491F45350F00C70AA3 /* GoogleService-Info.plist */ = {isa = PBXFileReference; fileEncoding = 4; lastKnownFileType = text.plist.xml; path = "GoogleService-Info.plist"; sourceTree = "<group>"; };
		484BA14B1F4538EA00C70AA3 /* SignInViewController.h */ = {isa = PBXFileReference; fileEncoding = 4; lastKnownFileType = sourcecode.c.h; path = SignInViewController.h; sourceTree = "<group>"; };
		484BA14C1F4538EA00C70AA3 /* SignInViewController.m */ = {isa = PBXFileReference; fileEncoding = 4; lastKnownFileType = sourcecode.c.objc; path = SignInViewController.m; sourceTree = "<group>"; };
		484BA14E1F453B1000C70AA3 /* MainViewController.h */ = {isa = PBXFileReference; fileEncoding = 4; lastKnownFileType = sourcecode.c.h; path = MainViewController.h; sourceTree = "<group>"; };
		484BA14F1F453B1000C70AA3 /* MainViewController.m */ = {isa = PBXFileReference; fileEncoding = 4; lastKnownFileType = sourcecode.c.objc; path = MainViewController.m; sourceTree = "<group>"; };
		71ADFACFFD1766A082A94B0C /* libPods-ConquerKancolleEvent.a */ = {isa = PBXFileReference; explicitFileType = archive.ar; includeInIndex = 0; path = "libPods-ConquerKancolleEvent.a"; sourceTree = BUILT_PRODUCTS_DIR; };
		A969C1430CC88CD4F8362517 /* Pods-ConquerKancolleEvent.release.xcconfig */ = {isa = PBXFileReference; includeInIndex = 1; lastKnownFileType = text.xcconfig; name = "Pods-ConquerKancolleEvent.release.xcconfig"; path = "Pods/Target Support Files/Pods-ConquerKancolleEvent/Pods-ConquerKancolleEvent.release.xcconfig"; sourceTree = "<group>"; };
		F231061428B22FFD370E251D /* Pods-ConquerKancolleEvent.debug.xcconfig */ = {isa = PBXFileReference; includeInIndex = 1; lastKnownFileType = text.xcconfig; name = "Pods-ConquerKancolleEvent.debug.xcconfig"; path = "Pods/Target Support Files/Pods-ConquerKancolleEvent/Pods-ConquerKancolleEvent.debug.xcconfig"; sourceTree = "<group>"; };
/* End PBXFileReference section */

/* Begin PBXFrameworksBuildPhase section */
		484BA12C1F4532FC00C70AA3 /* Frameworks */ = {
			isa = PBXFrameworksBuildPhase;
			buildActionMask = 2147483647;
			files = (
				29DD130FE9584451200469D6 /* libPods-ConquerKancolleEvent.a in Frameworks */,
			);
			runOnlyForDeploymentPostprocessing = 0;
		};
/* End PBXFrameworksBuildPhase section */

/* Begin PBXGroup section */
		484BA1261F4532FC00C70AA3 = {
			isa = PBXGroup;
			children = (
				484BA1491F45350F00C70AA3 /* GoogleService-Info.plist */,
				484BA1311F4532FC00C70AA3 /* ConquerKancolleEvent */,
				484BA1301F4532FC00C70AA3 /* Products */,
				5BC7B66592DA3DEBACCF8626 /* Pods */,
				711548660D2479C5881AC7EC /* Frameworks */,
			);
			sourceTree = "<group>";
		};
		484BA1301F4532FC00C70AA3 /* Products */ = {
			isa = PBXGroup;
			children = (
				484BA12F1F4532FC00C70AA3 /* ConquerKancolleEvent.app */,
			);
			name = Products;
			sourceTree = "<group>";
		};
		484BA1311F4532FC00C70AA3 /* ConquerKancolleEvent */ = {
			isa = PBXGroup;
			children = (
				484BA1351F4532FC00C70AA3 /* AppDelegate.h */,
				484BA1361F4532FC00C70AA3 /* AppDelegate.m */,
				484BA13B1F4532FC00C70AA3 /* Main.storyboard */,
				484BA14E1F453B1000C70AA3 /* MainViewController.h */,
				484BA14F1F453B1000C70AA3 /* MainViewController.m */,
				484BA14B1F4538EA00C70AA3 /* SignInViewController.h */,
				484BA14C1F4538EA00C70AA3 /* SignInViewController.m */,
				484BA13E1F4532FC00C70AA3 /* Assets.xcassets */,
				484BA1401F4532FC00C70AA3 /* LaunchScreen.storyboard */,
				484BA1431F4532FC00C70AA3 /* Info.plist */,
				484BA1321F4532FC00C70AA3 /* Supporting Files */,
			);
			path = ConquerKancolleEvent;
			sourceTree = "<group>";
		};
		484BA1321F4532FC00C70AA3 /* Supporting Files */ = {
			isa = PBXGroup;
			children = (
				484BA1331F4532FC00C70AA3 /* main.m */,
			);
			name = "Supporting Files";
			sourceTree = "<group>";
		};
		5BC7B66592DA3DEBACCF8626 /* Pods */ = {
			isa = PBXGroup;
			children = (
				F231061428B22FFD370E251D /* Pods-ConquerKancolleEvent.debug.xcconfig */,
				A969C1430CC88CD4F8362517 /* Pods-ConquerKancolleEvent.release.xcconfig */,
			);
			name = Pods;
			sourceTree = "<group>";
		};
		711548660D2479C5881AC7EC /* Frameworks */ = {
			isa = PBXGroup;
			children = (
				71ADFACFFD1766A082A94B0C /* libPods-ConquerKancolleEvent.a */,
			);
			name = Frameworks;
			sourceTree = "<group>";
		};
/* End PBXGroup section */

/* Begin PBXNativeTarget section */
		484BA12E1F4532FC00C70AA3 /* ConquerKancolleEvent */ = {
			isa = PBXNativeTarget;
			buildConfigurationList = 484BA1461F4532FC00C70AA3 /* Build configuration list for PBXNativeTarget "ConquerKancolleEvent" */;
			buildPhases = (
				6201CC713F007DC4CAC8C094 /* [CP] Check Pods Manifest.lock */,
				484BA12B1F4532FC00C70AA3 /* Sources */,
				484BA12C1F4532FC00C70AA3 /* Frameworks */,
				484BA12D1F4532FC00C70AA3 /* Resources */,
				01BABCC0D837952ACEEED0BA /* [CP] Embed Pods Frameworks */,
				812AECF582453C7FF0BC836B /* [CP] Copy Pods Resources */,
			);
			buildRules = (
			);
			dependencies = (
			);
			name = ConquerKancolleEvent;
			productName = ConquerKancolleEvent;
			productReference = 484BA12F1F4532FC00C70AA3 /* ConquerKancolleEvent.app */;
			productType = "com.apple.product-type.application";
		};
/* End PBXNativeTarget section */

/* Begin PBXProject section */
		484BA1271F4532FC00C70AA3 /* Project object */ = {
			isa = PBXProject;
			attributes = {
				LastUpgradeCheck = 0830;
				ORGANIZATIONNAME = "Gu Han";
				TargetAttributes = {
					484BA12E1F4532FC00C70AA3 = {
						CreatedOnToolsVersion = 8.3.3;
						DevelopmentTeam = H69H7F76LV;
						ProvisioningStyle = Automatic;
					};
				};
			};
			buildConfigurationList = 484BA12A1F4532FC00C70AA3 /* Build configuration list for PBXProject "ConquerKancolleEvent" */;
			compatibilityVersion = "Xcode 3.2";
			developmentRegion = English;
			hasScannedForEncodings = 0;
			knownRegions = (
				en,
				Base,
			);
			mainGroup = 484BA1261F4532FC00C70AA3;
			productRefGroup = 484BA1301F4532FC00C70AA3 /* Products */;
			projectDirPath = "";
			projectRoot = "";
			targets = (
				484BA12E1F4532FC00C70AA3 /* ConquerKancolleEvent */,
			);
		};
/* End PBXProject section */

/* Begin PBXResourcesBuildPhase section */
		484BA12D1F4532FC00C70AA3 /* Resources */ = {
			isa = PBXResourcesBuildPhase;
			buildActionMask = 2147483647;
			files = (
				484BA1421F4532FC00C70AA3 /* LaunchScreen.storyboard in Resources */,
				484BA14A1F45350F00C70AA3 /* GoogleService-Info.plist in Resources */,
				484BA13F1F4532FC00C70AA3 /* Assets.xcassets in Resources */,
				484BA13D1F4532FC00C70AA3 /* Main.storyboard in Resources */,
			);
			runOnlyForDeploymentPostprocessing = 0;
		};
/* End PBXResourcesBuildPhase section */

/* Begin PBXShellScriptBuildPhase section */
		01BABCC0D837952ACEEED0BA /* [CP] Embed Pods Frameworks */ = {
			isa = PBXShellScriptBuildPhase;
			buildActionMask = 2147483647;
			files = (
			);
			inputPaths = (
			);
			name = "[CP] Embed Pods Frameworks";
			outputPaths = (
			);
			runOnlyForDeploymentPostprocessing = 0;
			shellPath = /bin/sh;
			shellScript = "\"${SRCROOT}/Pods/Target Support Files/Pods-ConquerKancolleEvent/Pods-ConquerKancolleEvent-frameworks.sh\"\n";
			showEnvVarsInLog = 0;
		};
		6201CC713F007DC4CAC8C094 /* [CP] Check Pods Manifest.lock */ = {
			isa = PBXShellScriptBuildPhase;
			buildActionMask = 2147483647;
			files = (
			);
			inputPaths = (
			);
			name = "[CP] Check Pods Manifest.lock";
			outputPaths = (
			);
			runOnlyForDeploymentPostprocessing = 0;
			shellPath = /bin/sh;
			shellScript = "diff \"${PODS_ROOT}/../Podfile.lock\" \"${PODS_ROOT}/Manifest.lock\" > /dev/null\nif [ $? != 0 ] ; then\n    # print error to STDERR\n    echo \"error: The sandbox is not in sync with the Podfile.lock. Run 'pod install' or update your CocoaPods installation.\" >&2\n    exit 1\nfi\n";
			showEnvVarsInLog = 0;
		};
		812AECF582453C7FF0BC836B /* [CP] Copy Pods Resources */ = {
			isa = PBXShellScriptBuildPhase;
			buildActionMask = 2147483647;
			files = (
			);
			inputPaths = (
			);
			name = "[CP] Copy Pods Resources";
			outputPaths = (
			);
			runOnlyForDeploymentPostprocessing = 0;
			shellPath = /bin/sh;
			shellScript = "\"${SRCROOT}/Pods/Target Support Files/Pods-ConquerKancolleEvent/Pods-ConquerKancolleEvent-resources.sh\"\n";
			showEnvVarsInLog = 0;
		};
/* End PBXShellScriptBuildPhase section */

/* Begin PBXSourcesBuildPhase section */
		484BA12B1F4532FC00C70AA3 /* Sources */ = {
			isa = PBXSourcesBuildPhase;
			buildActionMask = 2147483647;
			files = (
				484BA1371F4532FC00C70AA3 /* AppDelegate.m in Sources */,
				484BA14D1F4538EA00C70AA3 /* SignInViewController.m in Sources */,
				484BA1341F4532FC00C70AA3 /* main.m in Sources */,
				484BA1501F453B1000C70AA3 /* MainViewController.m in Sources */,
			);
			runOnlyForDeploymentPostprocessing = 0;
		};
/* End PBXSourcesBuildPhase section */

/* Begin PBXVariantGroup section */
		484BA13B1F4532FC00C70AA3 /* Main.storyboard */ = {
			isa = PBXVariantGroup;
			children = (
				484BA13C1F4532FC00C70AA3 /* Base */,
			);
			name = Main.storyboard;
			sourceTree = "<group>";
		};
		484BA1401F4532FC00C70AA3 /* LaunchScreen.storyboard */ = {
			isa = PBXVariantGroup;
			children = (
				484BA1411F4532FC00C70AA3 /* Base */,
			);
			name = LaunchScreen.storyboard;
			sourceTree = "<group>";
		};
/* End PBXVariantGroup section */

/* Begin XCBuildConfiguration section */
		484BA1441F4532FC00C70AA3 /* Debug */ = {
			isa = XCBuildConfiguration;
			buildSettings = {
				ALWAYS_SEARCH_USER_PATHS = NO;
				CLANG_ANALYZER_NONNULL = YES;
				CLANG_ANALYZER_NUMBER_OBJECT_CONVERSION = YES_AGGRESSIVE;
				CLANG_CXX_LANGUAGE_STANDARD = "gnu++0x";
				CLANG_CXX_LIBRARY = "libc++";
				CLANG_ENABLE_MODULES = YES;
				CLANG_ENABLE_OBJC_ARC = YES;
				CLANG_WARN_BOOL_CONVERSION = YES;
				CLANG_WARN_CONSTANT_CONVERSION = YES;
				CLANG_WARN_DIRECT_OBJC_ISA_USAGE = YES_ERROR;
				CLANG_WARN_DOCUMENTATION_COMMENTS = YES;
				CLANG_WARN_EMPTY_BODY = YES;
				CLANG_WARN_ENUM_CONVERSION = YES;
				CLANG_WARN_INFINITE_RECURSION = YES;
				CLANG_WARN_INT_CONVERSION = YES;
				CLANG_WARN_OBJC_ROOT_CLASS = YES_ERROR;
				CLANG_WARN_SUSPICIOUS_MOVE = YES;
				CLANG_WARN_UNREACHABLE_CODE = YES;
				CLANG_WARN__DUPLICATE_METHOD_MATCH = YES;
				"CODE_SIGN_IDENTITY[sdk=iphoneos*]" = "iPhone Developer";
				COPY_PHASE_STRIP = NO;
				DEBUG_INFORMATION_FORMAT = dwarf;
				ENABLE_STRICT_OBJC_MSGSEND = YES;
				ENABLE_TESTABILITY = YES;
				GCC_C_LANGUAGE_STANDARD = gnu99;
				GCC_DYNAMIC_NO_PIC = NO;
				GCC_NO_COMMON_BLOCKS = YES;
				GCC_OPTIMIZATION_LEVEL = 0;
				GCC_PREPROCESSOR_DEFINITIONS = (
					"DEBUG=1",
					"$(inherited)",
				);
				GCC_WARN_64_TO_32_BIT_CONVERSION = YES;
				GCC_WARN_ABOUT_RETURN_TYPE = YES_ERROR;
				GCC_WARN_UNDECLARED_SELECTOR = YES;
				GCC_WARN_UNINITIALIZED_AUTOS = YES_AGGRESSIVE;
				GCC_WARN_UNUSED_FUNCTION = YES;
				GCC_WARN_UNUSED_VARIABLE = YES;
				IPHONEOS_DEPLOYMENT_TARGET = 10.3;
				MTL_ENABLE_DEBUG_INFO = YES;
				ONLY_ACTIVE_ARCH = YES;
				SDKROOT = iphoneos;
				TARGETED_DEVICE_FAMILY = "1,2";
			};
			name = Debug;
		};
		484BA1451F4532FC00C70AA3 /* Release */ = {
			isa = XCBuildConfiguration;
			buildSettings = {
				ALWAYS_SEARCH_USER_PATHS = NO;
				CLANG_ANALYZER_NONNULL = YES;
				CLANG_ANALYZER_NUMBER_OBJECT_CONVERSION = YES_AGGRESSIVE;
				CLANG_CXX_LANGUAGE_STANDARD = "gnu++0x";
				CLANG_CXX_LIBRARY = "libc++";
				CLANG_ENABLE_MODULES = YES;
				CLANG_ENABLE_OBJC_ARC = YES;
				CLANG_WARN_BOOL_CONVERSION = YES;
				CLANG_WARN_CONSTANT_CONVERSION = YES;
				CLANG_WARN_DIRECT_OBJC_ISA_USAGE = YES_ERROR;
				CLANG_WARN_DOCUMENTATION_COMMENTS = YES;
				CLANG_WARN_EMPTY_BODY = YES;
				CLANG_WARN_ENUM_CONVERSION = YES;
				CLANG_WARN_INFINITE_RECURSION = YES;
				CLANG_WARN_INT_CONVERSION = YES;
				CLANG_WARN_OBJC_ROOT_CLASS = YES_ERROR;
				CLANG_WARN_SUSPICIOUS_MOVE = YES;
				CLANG_WARN_UNREACHABLE_CODE = YES;
				CLANG_WARN__DUPLICATE_METHOD_MATCH = YES;
				"CODE_SIGN_IDENTITY[sdk=iphoneos*]" = "iPhone Developer";
				COPY_PHASE_STRIP = NO;
				DEBUG_INFORMATION_FORMAT = "dwarf-with-dsym";
				ENABLE_NS_ASSERTIONS = NO;
				ENABLE_STRICT_OBJC_MSGSEND = YES;
				GCC_C_LANGUAGE_STANDARD = gnu99;
				GCC_NO_COMMON_BLOCKS = YES;
				GCC_WARN_64_TO_32_BIT_CONVERSION = YES;
				GCC_WARN_ABOUT_RETURN_TYPE = YES_ERROR;
				GCC_WARN_UNDECLARED_SELECTOR = YES;
				GCC_WARN_UNINITIALIZED_AUTOS = YES_AGGRESSIVE;
				GCC_WARN_UNUSED_FUNCTION = YES;
				GCC_WARN_UNUSED_VARIABLE = YES;
				IPHONEOS_DEPLOYMENT_TARGET = 10.3;
				MTL_ENABLE_DEBUG_INFO = NO;
				SDKROOT = iphoneos;
				TARGETED_DEVICE_FAMILY = "1,2";
				VALIDATE_PRODUCT = YES;
			};
			name = Release;
		};
		484BA1471F4532FC00C70AA3 /* Debug */ = {
			isa = XCBuildConfiguration;
			baseConfigurationReference = F231061428B22FFD370E251D /* Pods-ConquerKancolleEvent.debug.xcconfig */;
			buildSettings = {
				ASSETCATALOG_COMPILER_APPICON_NAME = AppIcon;
				DEVELOPMENT_TEAM = H69H7F76LV;
				INFOPLIST_FILE = ConquerKancolleEvent/Info.plist;
				LD_RUNPATH_SEARCH_PATHS = "$(inherited) @executable_path/Frameworks";
				PRODUCT_BUNDLE_IDENTIFIER = hangu.ConquerKancolleEvent;
				PRODUCT_NAME = "$(TARGET_NAME)";
			};
			name = Debug;
		};
		484BA1481F4532FC00C70AA3 /* Release */ = {
			isa = XCBuildConfiguration;
			baseConfigurationReference = A969C1430CC88CD4F8362517 /* Pods-ConquerKancolleEvent.release.xcconfig */;
			buildSettings = {
				ASSETCATALOG_COMPILER_APPICON_NAME = AppIcon;
				DEVELOPMENT_TEAM = H69H7F76LV;
				INFOPLIST_FILE = ConquerKancolleEvent/Info.plist;
				LD_RUNPATH_SEARCH_PATHS = "$(inherited) @executable_path/Frameworks";
				PRODUCT_BUNDLE_IDENTIFIER = hangu.ConquerKancolleEvent;
				PRODUCT_NAME = "$(TARGET_NAME)";
			};
			name = Release;
		};
/* End XCBuildConfiguration section */

/* Begin XCConfigurationList section */
		484BA12A1F4532FC00C70AA3 /* Build configuration list for PBXProject "ConquerKancolleEvent" */ = {
			isa = XCConfigurationList;
			buildConfigurations = (
				484BA1441F4532FC00C70AA3 /* Debug */,
				484BA1451F4532FC00C70AA3 /* Release */,
			);
			defaultConfigurationIsVisible = 0;
			defaultConfigurationName = Release;
		};
		484BA1461F4532FC00C70AA3 /* Build configuration list for PBXNativeTarget "ConquerKancolleEvent" */ = {
			isa = XCConfigurationList;
			buildConfigurations = (
				484BA1471F4532FC00C70AA3 /* Debug */,
				484BA1481F4532FC00C70AA3 /* Release */,
			);
			defaultConfigurationIsVisible = 0;
			defaultConfigurationName = Release;
		};
/* End XCConfigurationList section */
	};
	rootObject = 484BA1271F4532FC00C70AA3 /* Project object */;
}
